// !$*UTF8*$!
{
	archiveVersion = 1;
	classes = {
	};
	objectVersion = 46;
	objects = {

/* Begin PBXBuildFile section */
		8CCB86A01B426AAA0034CA95 /* BallViewController.swift in Sources */ = {isa = PBXBuildFile; fileRef = 8CCB869F1B426AAA0034CA95 /* BallViewController.swift */; };
		8CCB86A21B4274E00034CA95 /* BallView.swift in Sources */ = {isa = PBXBuildFile; fileRef = 8CCB86A11B4274E00034CA95 /* BallView.swift */; };
		8CCEFD9E1B43D4AE000B5FB4 /* BallsContentView.swift in Sources */ = {isa = PBXBuildFile; fileRef = 8CCEFD9D1B43D4AE000B5FB4 /* BallsContentView.swift */; };
		8CED6C001B41330B00973E72 /* AppDelegate.swift in Sources */ = {isa = PBXBuildFile; fileRef = 8CED6BFF1B41330B00973E72 /* AppDelegate.swift */; };
		8CED6C021B41330B00973E72 /* ViewController.swift in Sources */ = {isa = PBXBuildFile; fileRef = 8CED6C011B41330B00973E72 /* ViewController.swift */; };
		8CED6C051B41330B00973E72 /* Main.storyboard in Resources */ = {isa = PBXBuildFile; fileRef = 8CED6C031B41330B00973E72 /* Main.storyboard */; };
		8CED6C071B41330B00973E72 /* Images.xcassets in Resources */ = {isa = PBXBuildFile; fileRef = 8CED6C061B41330B00973E72 /* Images.xcassets */; };
		8CED6C0A1B41330B00973E72 /* LaunchScreen.xib in Resources */ = {isa = PBXBuildFile; fileRef = 8CED6C081B41330B00973E72 /* LaunchScreen.xib */; };
		8CED6C161B41330B00973E72 /* DynamicDemoTests.swift in Sources */ = {isa = PBXBuildFile; fileRef = 8CED6C151B41330B00973E72 /* DynamicDemoTests.swift */; };
		8CED6C201B41338F00973E72 /* test@2x.png in Resources */ = {isa = PBXBuildFile; fileRef = 8CED6C1F1B41338F00973E72 /* test@2x.png */; };
/* End PBXBuildFile section */

/* Begin PBXContainerItemProxy section */
		8CED6C101B41330B00973E72 /* PBXContainerItemProxy */ = {
			isa = PBXContainerItemProxy;
			containerPortal = 8CED6BF21B41330B00973E72 /* Project object */;
			proxyType = 1;
			remoteGlobalIDString = 8CED6BF91B41330B00973E72;
			remoteInfo = DynamicDemo;
		};
/* End PBXContainerItemProxy section */

/* Begin PBXFileReference section */
		8CCB869F1B426AAA0034CA95 /* BallViewController.swift */ = {isa = PBXFileReference; fileEncoding = 4; lastKnownFileType = sourcecode.swift; path = BallViewController.swift; sourceTree = "<group>"; };
		8CCB86A11B4274E00034CA95 /* BallView.swift */ = {isa = PBXFileReference; fileEncoding = 4; lastKnownFileType = sourcecode.swift; path = BallView.swift; sourceTree = "<group>"; };
		8CCEFD9D1B43D4AE000B5FB4 /* BallsContentView.swift */ = {isa = PBXFileReference; fileEncoding = 4; lastKnownFileType = sourcecode.swift; path = BallsContentView.swift; sourceTree = "<group>"; };
		8CED6BFA1B41330B00973E72 /* DynamicDemo.app */ = {isa = PBXFileReference; explicitFileType = wrapper.application; includeInIndex = 0; path = DynamicDemo.app; sourceTree = BUILT_PRODUCTS_DIR; };
		8CED6BFE1B41330B00973E72 /* Info.plist */ = {isa = PBXFileReference; lastKnownFileType = text.plist.xml; path = Info.plist; sourceTree = "<group>"; };
		8CED6BFF1B41330B00973E72 /* AppDelegate.swift */ = {isa = PBXFileReference; lastKnownFileType = sourcecode.swift; path = AppDelegate.swift; sourceTree = "<group>"; };
		8CED6C011B41330B00973E72 /* ViewController.swift */ = {isa = PBXFileReference; lastKnownFileType = sourcecode.swift; path = ViewController.swift; sourceTree = "<group>"; };
		8CED6C041B41330B00973E72 /* Base */ = {isa = PBXFileReference; lastKnownFileType = file.storyboard; name = Base; path = Base.lproj/Main.storyboard; sourceTree = "<group>"; };
		8CED6C061B41330B00973E72 /* Images.xcassets */ = {isa = PBXFileReference; lastKnownFileType = folder.assetcatalog; path = Images.xcassets; sourceTree = "<group>"; };
		8CED6C091B41330B00973E72 /* Base */ = {isa = PBXFileReference; lastKnownFileType = file.xib; name = Base; path = Base.lproj/LaunchScreen.xib; sourceTree = "<group>"; };
		8CED6C0F1B41330B00973E72 /* DynamicDemoTests.xctest */ = {isa = PBXFileReference; explicitFileType = wrapper.cfbundle; includeInIndex = 0; path = DynamicDemoTests.xctest; sourceTree = BUILT_PRODUCTS_DIR; };
		8CED6C141B41330B00973E72 /* Info.plist */ = {isa = PBXFileReference; lastKnownFileType = text.plist.xml; path = Info.plist; sourceTree = "<group>"; };
		8CED6C151B41330B00973E72 /* DynamicDemoTests.swift */ = {isa = PBXFileReference; lastKnownFileType = sourcecode.swift; path = DynamicDemoTests.swift; sourceTree = "<group>"; };
		8CED6C1F1B41338F00973E72 /* test@2x.png */ = {isa = PBXFileReference; lastKnownFileType = image.png; path = "test@2x.png"; sourceTree = "<group>"; };
/* End PBXFileReference section */

/* Begin PBXFrameworksBuildPhase section */
		8CED6BF71B41330B00973E72 /* Frameworks */ = {
			isa = PBXFrameworksBuildPhase;
			buildActionMask = 2147483647;
			files = (
			);
			runOnlyForDeploymentPostprocessing = 0;
		};
		8CED6C0C1B41330B00973E72 /* Frameworks */ = {
			isa = PBXFrameworksBuildPhase;
			buildActionMask = 2147483647;
			files = (
			);
			runOnlyForDeploymentPostprocessing = 0;
		};
/* End PBXFrameworksBuildPhase section */

/* Begin PBXGroup section */
		8CED6BF11B41330B00973E72 = {
			isa = PBXGroup;
			children = (
				8CED6BFC1B41330B00973E72 /* DynamicDemo */,
				8CED6C121B41330B00973E72 /* DynamicDemoTests */,
				8CED6BFB1B41330B00973E72 /* Products */,
			);
			sourceTree = "<group>";
		};
		8CED6BFB1B41330B00973E72 /* Products */ = {
			isa = PBXGroup;
			children = (
				8CED6BFA1B41330B00973E72 /* DynamicDemo.app */,
				8CED6C0F1B41330B00973E72 /* DynamicDemoTests.xctest */,
			);
			name = Products;
			sourceTree = "<group>";
		};
		8CED6BFC1B41330B00973E72 /* DynamicDemo */ = {
			isa = PBXGroup;
			children = (
				8CED6C1F1B41338F00973E72 /* test@2x.png */,
				8CCB86A11B4274E00034CA95 /* BallView.swift */,
				8CED6BFF1B41330B00973E72 /* AppDelegate.swift */,
				8CED6C011B41330B00973E72 /* ViewController.swift */,
				8CCB869F1B426AAA0034CA95 /* BallViewController.swift */,
				8CCEFD9D1B43D4AE000B5FB4 /* BallsContentView.swift */,
				8CED6C031B41330B00973E72 /* Main.storyboard */,
				8CED6C061B41330B00973E72 /* Images.xcassets */,
				8CED6C081B41330B00973E72 /* LaunchScreen.xib */,
				8CED6BFD1B41330B00973E72 /* Supporting Files */,
			);
			path = DynamicDemo;
			sourceTree = "<group>";
		};
		8CED6BFD1B41330B00973E72 /* Supporting Files */ = {
			isa = PBXGroup;
			children = (
				8CED6BFE1B41330B00973E72 /* Info.plist */,
			);
			name = "Supporting Files";
			sourceTree = "<group>";
		};
		8CED6C121B41330B00973E72 /* DynamicDemoTests */ = {
			isa = PBXGroup;
			children = (
				8CED6C151B41330B00973E72 /* DynamicDemoTests.swift */,
				8CED6C131B41330B00973E72 /* Supporting Files */,
			);
			path = DynamicDemoTests;
			sourceTree = "<group>";
		};
		8CED6C131B41330B00973E72 /* Supporting Files */ = {
			isa = PBXGroup;
			children = (
				8CED6C141B41330B00973E72 /* Info.plist */,
			);
			name = "Supporting Files";
			sourceTree = "<group>";
		};
/* End PBXGroup section */

/* Begin PBXNativeTarget section */
		8CED6BF91B41330B00973E72 /* DynamicDemo */ = {
			isa = PBXNativeTarget;
			buildConfigurationList = 8CED6C191B41330B00973E72 /* Build configuration list for PBXNativeTarget "DynamicDemo" */;
			buildPhases = (
				8CED6BF61B41330B00973E72 /* Sources */,
				8CED6BF71B41330B00973E72 /* Frameworks */,
				8CED6BF81B41330B00973E72 /* Resources */,
			);
			buildRules = (
			);
			dependencies = (
			);
			name = DynamicDemo;
			productName = DynamicDemo;
			productReference = 8CED6BFA1B41330B00973E72 /* DynamicDemo.app */;
			productType = "com.apple.product-type.application";
		};
		8CED6C0E1B41330B00973E72 /* DynamicDemoTests */ = {
			isa = PBXNativeTarget;
			buildConfigurationList = 8CED6C1C1B41330B00973E72 /* Build configuration list for PBXNativeTarget "DynamicDemoTests" */;
			buildPhases = (
				8CED6C0B1B41330B00973E72 /* Sources */,
				8CED6C0C1B41330B00973E72 /* Frameworks */,
				8CED6C0D1B41330B00973E72 /* Resources */,
			);
			buildRules = (
			);
			dependencies = (
				8CED6C111B41330B00973E72 /* PBXTargetDependency */,
			);
			name = DynamicDemoTests;
			productName = DynamicDemoTests;
			productReference = 8CED6C0F1B41330B00973E72 /* DynamicDemoTests.xctest */;
			productType = "com.apple.product-type.bundle.unit-test";
		};
/* End PBXNativeTarget section */

/* Begin PBXProject section */
		8CED6BF21B41330B00973E72 /* Project object */ = {
			isa = PBXProject;
			attributes = {
				LastUpgradeCheck = 0630;
				ORGANIZATIONNAME = dom.duck;
				TargetAttributes = {
					8CED6BF91B41330B00973E72 = {
						CreatedOnToolsVersion = 6.3.2;
					};
					8CED6C0E1B41330B00973E72 = {
						CreatedOnToolsVersion = 6.3.2;
						TestTargetID = 8CED6BF91B41330B00973E72;
					};
				};
			};
			buildConfigurationList = 8CED6BF51B41330B00973E72 /* Build configuration list for PBXProject "DynamicDemo" */;
			compatibilityVersion = "Xcode 3.2";
			developmentRegion = English;
			hasScannedForEncodings = 0;
			knownRegions = (
				en,
				Base,
			);
			mainGroup = 8CED6BF11B41330B00973E72;
			productRefGroup = 8CED6BFB1B41330B00973E72 /* Products */;
			projectDirPath = "";
			projectRoot = "";
			targets = (
				8CED6BF91B41330B00973E72 /* DynamicDemo */,
				8CED6C0E1B41330B00973E72 /* DynamicDemoTests */,
			);
		};
/* End PBXProject section */

/* Begin PBXResourcesBuildPhase section */
		8CED6BF81B41330B00973E72 /* Resources */ = {
			isa = PBXResourcesBuildPhase;
			buildActionMask = 2147483647;
			files = (
				8CED6C051B41330B00973E72 /* Main.storyboard in Resources */,
				8CED6C201B41338F00973E72 /* test@2x.png in Resources */,
				8CED6C0A1B41330B00973E72 /* LaunchScreen.xib in Resources */,
				8CED6C071B41330B00973E72 /* Images.xcassets in Resources */,
			);
			runOnlyForDeploymentPostprocessing = 0;
		};
		8CED6C0D1B41330B00973E72 /* Resources */ = {
			isa = PBXResourcesBuildPhase;
			buildActionMask = 2147483647;
			files = (
			);
			runOnlyForDeploymentPostprocessing = 0;
		};
/* End PBXResourcesBuildPhase section */

/* Begin PBXSourcesBuildPhase section */
		8CED6BF61B41330B00973E72 /* Sources */ = {
			isa = PBXSourcesBuildPhase;
			buildActionMask = 2147483647;
			files = (
				8CCB86A01B426AAA0034CA95 /* BallViewController.swift in Sources */,
				8CED6C021B41330B00973E72 /* ViewController.swift in Sources */,
				8CCEFD9E1B43D4AE000B5FB4 /* BallsContentView.swift in Sources */,
				8CED6C001B41330B00973E72 /* AppDelegate.swift in Sources */,
				8CCB86A21B4274E00034CA95 /* BallView.swift in Sources */,
			);
			runOnlyForDeploymentPostprocessing = 0;
		};
		8CED6C0B1B41330B00973E72 /* Sources */ = {
			isa = PBXSourcesBuildPhase;
			buildActionMask = 2147483647;
			files = (
				8CED6C161B41330B00973E72 /* DynamicDemoTests.swift in Sources */,
			);
			runOnlyForDeploymentPostprocessing = 0;
		};
/* End PBXSourcesBuildPhase section */

/* Begin PBXTargetDependency section */
		8CED6C111B41330B00973E72 /* PBXTargetDependency */ = {
			isa = PBXTargetDependency;
			target = 8CED6BF91B41330B00973E72 /* DynamicDemo */;
			targetProxy = 8CED6C101B41330B00973E72 /* PBXContainerItemProxy */;
		};
/* End PBXTargetDependency section */

/* Begin PBXVariantGroup section */
		8CED6C031B41330B00973E72 /* Main.storyboard */ = {
			isa = PBXVariantGroup;
			children = (
				8CED6C041B41330B00973E72 /* Base */,
			);
			name = Main.storyboard;
			sourceTree = "<group>";
		};
		8CED6C081B41330B00973E72 /* LaunchScreen.xib */ = {
			isa = PBXVariantGroup;
			children = (
				8CED6C091B41330B00973E72 /* Base */,
			);
			name = LaunchScreen.xib;
			sourceTree = "<group>";
		};
/* End PBXVariantGroup section */

/* Begin XCBuildConfiguration section */
		8CED6C171B41330B00973E72 /* Debug */ = {
			isa = XCBuildConfiguration;
			buildSettings = {
				ALWAYS_SEARCH_USER_PATHS = NO;
				CLANG_CXX_LANGUAGE_STANDARD = "gnu++0x";
				CLANG_CXX_LIBRARY = "libc++";
				CLANG_ENABLE_MODULES = YES;
				CLANG_ENABLE_OBJC_ARC = YES;
				CLANG_WARN_BOOL_CONVERSION = YES;
				CLANG_WARN_CONSTANT_CONVERSION = YES;
				CLANG_WARN_DIRECT_OBJC_ISA_USAGE = YES_ERROR;
				CLANG_WARN_EMPTY_BODY = YES;
				CLANG_WARN_ENUM_CONVERSION = YES;
				CLANG_WARN_INT_CONVERSION = YES;
				CLANG_WARN_OBJC_ROOT_CLASS = YES_ERROR;
				CLANG_WARN_UNREACHABLE_CODE = YES;
				CLANG_WARN__DUPLICATE_METHOD_MATCH = YES;
				"CODE_SIGN_IDENTITY[sdk=iphoneos*]" = "iPhone Developer";
				COPY_PHASE_STRIP = NO;
				DEBUG_INFORMATION_FORMAT = "dwarf-with-dsym";
				ENABLE_STRICT_OBJC_MSGSEND = YES;
				GCC_C_LANGUAGE_STANDARD = gnu99;
				GCC_DYNAMIC_NO_PIC = NO;
				GCC_NO_COMMON_BLOCKS = YES;
				GCC_OPTIMIZATION_LEVEL = 0;
				GCC_PREPROCESSOR_DEFINITIONS = (
					"DEBUG=1",
					"$(inherited)",
				);
				GCC_SYMBOLS_PRIVATE_EXTERN = NO;
				GCC_WARN_64_TO_32_BIT_CONVERSION = YES;
				GCC_WARN_ABOUT_RETURN_TYPE = YES_ERROR;
				GCC_WARN_UNDECLARED_SELECTOR = YES;
				GCC_WARN_UNINITIALIZED_AUTOS = YES_AGGRESSIVE;
				GCC_WARN_UNUSED_FUNCTION = YES;
				GCC_WARN_UNUSED_VARIABLE = YES;
				IPHONEOS_DEPLOYMENT_TARGET = 8.3;
				MTL_ENABLE_DEBUG_INFO = YES;
				ONLY_ACTIVE_ARCH = YES;
				SDKROOT = iphoneos;
				SWIFT_OPTIMIZATION_LEVEL = "-Onone";
			};
			name = Debug;
		};
		8CED6C181B41330B00973E72 /* Release */ = {
			isa = XCBuildConfiguration;
			buildSettings = {
				ALWAYS_SEARCH_USER_PATHS = NO;
				CLANG_CXX_LANGUAGE_STANDARD = "gnu++0x";
				CLANG_CXX_LIBRARY = "libc++";
				CLANG_ENABLE_MODULES = YES;
				CLANG_ENABLE_OBJC_ARC = YES;
				CLANG_WARN_BOOL_CONVERSION = YES;
				CLANG_WARN_CONSTANT_CONVERSION = YES;
				CLANG_WARN_DIRECT_OBJC_ISA_USAGE = YES_ERROR;
				CLANG_WARN_EMPTY_BODY = YES;
				CLANG_WARN_ENUM_CONVERSION = YES;
				CLANG_WARN_INT_CONVERSION = YES;
				CLANG_WARN_OBJC_ROOT_CLASS = YES_ERROR;
				CLANG_WARN_UNREACHABLE_CODE = YES;
				CLANG_WARN__DUPLICATE_METHOD_MATCH = YES;
				"CODE_SIGN_IDENTITY[sdk=iphoneos*]" = "iPhone Developer";
				COPY_PHASE_STRIP = NO;
				DEBUG_INFORMATION_FORMAT = "dwarf-with-dsym";
				ENABLE_NS_ASSERTIONS = NO;
				ENABLE_STRICT_OBJC_MSGSEND = YES;
				GCC_C_LANGUAGE_STANDARD = gnu99;
				GCC_NO_COMMON_BLOCKS = YES;
				GCC_WARN_64_TO_32_BIT_CONVERSION = YES;
				GCC_WARN_ABOUT_RETURN_TYPE = YES_ERROR;
				GCC_WARN_UNDECLARED_SELECTOR = YES;
				GCC_WARN_UNINITIALIZED_AUTOS = YES_AGGRESSIVE;
				GCC_WARN_UNUSED_FUNCTION = YES;
				GCC_WARN_UNUSED_VARIABLE = YES;
				IPHONEOS_DEPLOYMENT_TARGET = 8.3;
				MTL_ENABLE_DEBUG_INFO = NO;
				SDKROOT = iphoneos;
				VALIDATE_PRODUCT = YES;
			};
			name = Release;
		};
		8CED6C1A1B41330B00973E72 /* Debug */ = {
			isa = XCBuildConfiguration;
			buildSettings = {
				ASSETCATALOG_COMPILER_APPICON_NAME = AppIcon;
				INFOPLIST_FILE = DynamicDemo/Info.plist;
				LD_RUNPATH_SEARCH_PATHS = "$(inherited) @executable_path/Frameworks";
				PRODUCT_NAME = "$(TARGET_NAME)";
			};
			name = Debug;
		};
		8CED6C1B1B41330B00973E72 /* Release */ = {
			isa = XCBuildConfiguration;
			buildSettings = {
				ASSETCATALOG_COMPILER_APPICON_NAME = AppIcon;
				INFOPLIST_FILE = DynamicDemo/Info.plist;
				LD_RUNPATH_SEARCH_PATHS = "$(inherited) @executable_path/Frameworks";
				PRODUCT_NAME = "$(TARGET_NAME)";
			};
			name = Release;
		};
		8CED6C1D1B41330B00973E72 /* Debug */ = {
			isa = XCBuildConfiguration;
			buildSettings = {
				BUNDLE_LOADER = "$(TEST_HOST)";
				FRAMEWORK_SEARCH_PATHS = (
					"$(SDKROOT)/Developer/Library/Frameworks",
					"$(inherited)",
				);
				GCC_PREPROCESSOR_DEFINITIONS = (
					"DEBUG=1",
					"$(inherited)",
				);
				INFOPLIST_FILE = DynamicDemoTests/Info.plist;
				LD_RUNPATH_SEARCH_PATHS = "$(inherited) @executable_path/Frameworks @loader_path/Frameworks";
				PRODUCT_NAME = "$(TARGET_NAME)";
				TEST_HOST = "$(BUILT_PRODUCTS_DIR)/DynamicDemo.app/DynamicDemo";
			};
			name = Debug;
		};
		8CED6C1E1B41330B00973E72 /* Release */ = {
			isa = XCBuildConfiguration;
			buildSettings = {
				BUNDLE_LOADER = "$(TEST_HOST)";
				FRAMEWORK_SEARCH_PATHS = (
					"$(SDKROOT)/Developer/Library/Frameworks",
					"$(inherited)",
				);
				INFOPLIST_FILE = DynamicDemoTests/Info.plist;
				LD_RUNPATH_SEARCH_PATHS = "$(inherited) @executable_path/Frameworks @loader_path/Frameworks";
				PRODUCT_NAME = "$(TARGET_NAME)";
				TEST_HOST = "$(BUILT_PRODUCTS_DIR)/DynamicDemo.app/DynamicDemo";
			};
			name = Release;
		};
/* End XCBuildConfiguration section */

/* Begin XCConfigurationList section */
		8CED6BF51B41330B00973E72 /* Build configuration list for PBXProject "DynamicDemo" */ = {
			isa = XCConfigurationList;
			buildConfigurations = (
				8CED6C171B41330B00973E72 /* Debug */,
				8CED6C181B41330B00973E72 /* Release */,
			);
			defaultConfigurationIsVisible = 0;
			defaultConfigurationName = Release;
		};
		8CED6C191B41330B00973E72 /* Build configuration list for PBXNativeTarget "DynamicDemo" */ = {
			isa = XCConfigurationList;
			buildConfigurations = (
				8CED6C1A1B41330B00973E72 /* Debug */,
				8CED6C1B1B41330B00973E72 /* Release */,
			);
			defaultConfigurationIsVisible = 0;
			defaultConfigurationName = Release;
		};
		8CED6C1C1B41330B00973E72 /* Build configuration list for PBXNativeTarget "DynamicDemoTests" */ = {
			isa = XCConfigurationList;
			buildConfigurations = (
				8CED6C1D1B41330B00973E72 /* Debug */,
				8CED6C1E1B41330B00973E72 /* Release */,
			);
			defaultConfigurationIsVisible = 0;
			defaultConfigurationName = Release;
		};
/* End XCConfigurationList section */
	};
	rootObject = 8CED6BF21B41330B00973E72 /* Project object */;
}
